
Microsoft Visual Studio Solution File, Format Version 12.00
# Visual Studio Version 16
VisualStudioVersion = 16.0.30717.126
MinimumVisualStudioVersion = 10.0.40219.1
Project("{FAE04EC0-301F-11D3-BF4B-00C04F79EFBC}") = "Vertibrates", "vertibrates\Vertibrates.csproj", "{4EE48293-3C8A-43D9-ABCD-CEA9B53F231A}"
EndProject
Global
	GlobalSection(SolutionConfigurationPlatforms) = preSolution
		Debug|Any CPU = Debug|Any CPU
		Release|Any CPU = Release|Any CPU
	EndGlobalSection
	GlobalSection(ProjectConfigurationPlatforms) = postSolution
		{4EE48293-3C8A-43D9-ABCD-CEA9B53F231A}.Debug|Any CPU.ActiveCfg = Debug|Any CPU
		{4EE48293-3C8A-43D9-ABCD-CEA9B53F231A}.Debug|Any CPU.Build.0 = Debug|Any CPU
		{4EE48293-3C8A-43D9-ABCD-CEA9B53F231A}.Release|Any CPU.ActiveCfg = Release|Any CPU
		{4EE48293-3C8A-43D9-ABCD-CEA9B53F231A}.Release|Any CPU.Build.0 = Release|Any CPU
	EndGlobalSection
	GlobalSection(SolutionProperties) = preSolution
		HideSolutionNode = FALSE
	EndGlobalSection
	GlobalSection(ExtensibilityGlobals) = postSolution
		SolutionGuid = {37FEDDBB-D2BE-405F-9FE6-65532D2D2CEB}
	EndGlobalSection
EndGlobal
